PODS:
  - FlatDropdown (0.1.0):
    - FlatField (~> 0.0.3)
  - FlatField (0.0.3)

DEPENDENCIES:
  - FlatDropdown (from `../`)
  - FlatField (~> 0.0.3)

SPEC REPOS:
  https://github.com/CocoaPods/Specs.git:
    - FlatField

EXTERNAL SOURCES:
  FlatDropdown:
    :path: "../"

SPEC CHECKSUMS:
  FlatDropdown: 84778cb987fcba077972d142c012e0e80f194074
  FlatField: b4d2457f6002ff81192b9a3aa724ec54915c35ca

PODFILE CHECKSUM: ce342d14e84189bbbd7a74af8c9ddbc4b1bdc6ab

COCOAPODS: 1.5.0
